
Microsoft Visual Studio Solution File, Format Version 12.00
# Visual Studio Version 16
VisualStudioVersion = 16.0.31229.75
MinimumVisualStudioVersion = 10.0.40219.1
Project("{FAE04EC0-301F-11D3-BF4B-00C04F79EFBC}") = "EJERCICIO.2", "EJERCICIO.2\EJERCICIO.2.csproj", "{A987086A-A5A1-4056-B0F6-1DED613AE756}"
EndProject
Global
	GlobalSection(SolutionConfigurationPlatforms) = preSolution
		Debug|Any CPU = Debug|Any CPU
		Release|Any CPU = Release|Any CPU
	EndGlobalSection
	GlobalSection(ProjectConfigurationPlatforms) = postSolution
		{A987086A-A5A1-4056-B0F6-1DED613AE756}.Debug|Any CPU.ActiveCfg = Debug|Any CPU
		{A987086A-A5A1-4056-B0F6-1DED613AE756}.Debug|Any CPU.Build.0 = Debug|Any CPU
		{A987086A-A5A1-4056-B0F6-1DED613AE756}.Release|Any CPU.ActiveCfg = Release|Any CPU
		{A987086A-A5A1-4056-B0F6-1DED613AE756}.Release|Any CPU.Build.0 = Release|Any CPU
	EndGlobalSection
	GlobalSection(SolutionProperties) = preSolution
		HideSolutionNode = FALSE
	EndGlobalSection
	GlobalSection(ExtensibilityGlobals) = postSolution
		SolutionGuid = {0A9D6766-2E7E-4419-9C01-73B2BDB06355}
	EndGlobalSection
EndGlobal
